// !$*UTF8*$!
{
	archiveVersion = 1;
	classes = {
	};
	objectVersion = 46;
	objects = {

/* Begin PBXBuildFile section */
		02457059155B10D300550306 /* question_mark_sticker-p217885673497729412envb3_400.jpg in Resources */ = {isa = PBXBuildFile; fileRef = 02457058155B10D300550306 /* question_mark_sticker-p217885673497729412envb3_400.jpg */; };
		025A52C11545C86F0095F51A /* TableViewCell.xib in Resources */ = {isa = PBXBuildFile; fileRef = 025A52BF1545C86F0095F51A /* TableViewCell.xib */; };
		025FC49215374C85003B21C8 /* RouteCreatorScreen.xib in Resources */ = {isa = PBXBuildFile; fileRef = 025FC49015374C85003B21C8 /* RouteCreatorScreen.xib */; };
		025FC4971537558C003B21C8 /* RouteList.xib in Resources */ = {isa = PBXBuildFile; fileRef = 025FC4951537558C003B21C8 /* RouteList.xib */; };
		02683CD81534C3F1008E5147 /* UIKit.framework in Frameworks */ = {isa = PBXBuildFile; fileRef = 02683CD71534C3F1008E5147 /* UIKit.framework */; };
		02683CDA1534C3F1008E5147 /* Foundation.framework in Frameworks */ = {isa = PBXBuildFile; fileRef = 02683CD91534C3F1008E5147 /* Foundation.framework */; };
		02683CDC1534C3F1008E5147 /* CoreGraphics.framework in Frameworks */ = {isa = PBXBuildFile; fileRef = 02683CDB1534C3F1008E5147 /* CoreGraphics.framework */; };
		02683CDE1534C3F1008E5147 /* CoreData.framework in Frameworks */ = {isa = PBXBuildFile; fileRef = 02683CDD1534C3F1008E5147 /* CoreData.framework */; };
		02683CE41534C3F1008E5147 /* InfoPlist.strings in Resources */ = {isa = PBXBuildFile; fileRef = 02683CE21534C3F1008E5147 /* InfoPlist.strings */; };
		02683CED1534C3F2008E5147 /* MainWindow.xib in Resources */ = {isa = PBXBuildFile; fileRef = 02683CEB1534C3F2008E5147 /* MainWindow.xib */; };
		02683CF81534C3F2008E5147 /* SenTestingKit.framework in Frameworks */ = {isa = PBXBuildFile; fileRef = 02683CF71534C3F2008E5147 /* SenTestingKit.framework */; };
		02683CF91534C3F2008E5147 /* UIKit.framework in Frameworks */ = {isa = PBXBuildFile; fileRef = 02683CD71534C3F1008E5147 /* UIKit.framework */; };
		02683CFA1534C3F2008E5147 /* Foundation.framework in Frameworks */ = {isa = PBXBuildFile; fileRef = 02683CD91534C3F1008E5147 /* Foundation.framework */; };
		02683CFB1534C3F2008E5147 /* CoreGraphics.framework in Frameworks */ = {isa = PBXBuildFile; fileRef = 02683CDB1534C3F1008E5147 /* CoreGraphics.framework */; };
		02683CFC1534C3F2008E5147 /* CoreData.framework in Frameworks */ = {isa = PBXBuildFile; fileRef = 02683CDD1534C3F1008E5147 /* CoreData.framework */; };
		02683D041534C3F2008E5147 /* InfoPlist.strings in Resources */ = {isa = PBXBuildFile; fileRef = 02683D021534C3F2008E5147 /* InfoPlist.strings */; };
		02683D061534C3F2008E5147 /* Get_Me_ThereTests.h in Resources */ = {isa = PBXBuildFile; fileRef = 02683D051534C3F2008E5147 /* Get_Me_ThereTests.h */; };
		02683D081534C3F2008E5147 /* Get_Me_ThereTests.m in Sources */ = {isa = PBXBuildFile; fileRef = 02683D071534C3F2008E5147 /* Get_Me_ThereTests.m */; };
		02CCBE73154C7D7C008EBB24 /* beginningCell.xib in Resources */ = {isa = PBXBuildFile; fileRef = 02CCBE72154C7D7C008EBB24 /* beginningCell.xib */; };
		02D6BF8215374B88000CACD4 /* back button.png in Resources */ = {isa = PBXBuildFile; fileRef = 02D6BF8015374B88000CACD4 /* back button.png */; };
		02D6BF8315374B88000CACD4 /* button_add.png in Resources */ = {isa = PBXBuildFile; fileRef = 02D6BF8115374B88000CACD4 /* button_add.png */; };
		02D6BF8D15374BAB000CACD4 /* plus sign.png in Resources */ = {isa = PBXBuildFile; fileRef = 02D6BF8515374BAB000CACD4 /* plus sign.png */; };
		02F00B7D153534F900B89881 /* Where_Am_IViewController.xib in Resources */ = {isa = PBXBuildFile; fileRef = 02F00B7B153534F900B89881 /* Where_Am_IViewController.xib */; };
		02F00B831535366D00B89881 /* UserManual.xib in Resources */ = {isa = PBXBuildFile; fileRef = 02F00B811535366D00B89881 /* UserManual.xib */; };
		02F00B92153537B600B89881 /* Guardian_Home_Screen.xib in Resources */ = {isa = PBXBuildFile; fileRef = 02F00B90153537B600B89881 /* Guardian_Home_Screen.xib */; };
		02F00BA01535430B00B89881 /* edit_modal_screen.xib in Resources */ = {isa = PBXBuildFile; fileRef = 02F00B9E1535430A00B89881 /* edit_modal_screen.xib */; };
		02F00BA5153547D300B89881 /* Route_edit_screenViewController.xib in Resources */ = {isa = PBXBuildFile; fileRef = 02F00BA3153547D300B89881 /* Route_edit_screenViewController.xib */; };
		409E1BF216F7BD3600A728E3 /* routeArrow.png in Resources */ = {isa = PBXBuildFile; fileRef = 409E1BF116F7BD3600A728E3 /* routeArrow.png */; };
		409E1BF316F7D85500A728E3 /* Get_Me_There.xcdatamodeld in Sources */ = {isa = PBXBuildFile; fileRef = 02683CEE1534C3F2008E5147 /* Get_Me_There.xcdatamodeld */; };
		5124A5D8155AFA9700E43D1E /* destination_Picture.xib in Resources */ = {isa = PBXBuildFile; fileRef = 5124A5D6155AFA9700E43D1E /* destination_Picture.xib */; };
		51890D8B1559BE7500667555 /* red_silhouette_of_a_cellular_phone_0071-1002-1523-4920_SMU.jpg in Resources */ = {isa = PBXBuildFile; fileRef = 51890D8A1559BE7500667555 /* red_silhouette_of_a_cellular_phone_0071-1002-1523-4920_SMU.jpg */; };
		51F5E08D1559A49000308326 /* Panic_button_primary.xib in Resources */ = {isa = PBXBuildFile; fileRef = 51F5E0891559A49000308326 /* Panic_button_primary.xib */; };
		51F5E0911559A4C300308326 /* PanicButtonCell2.xib in Resources */ = {isa = PBXBuildFile; fileRef = 51F5E0901559A4C300308326 /* PanicButtonCell2.xib */; };
		51F5E0A01559A52E00308326 /* EditContactViewController.xib in Resources */ = {isa = PBXBuildFile; fileRef = 51F5E0941559A52D00308326 /* EditContactViewController.xib */; };
		51F5E0A71559AA0000308326 /* Facebook-Silhouette_normal.gif.png in Resources */ = {isa = PBXBuildFile; fileRef = 51F5E0A61559A9FF00308326 /* Facebook-Silhouette_normal.gif.png */; };
		51F5E0A91559AB9500308326 /* PanicButtonViewController.xib in Resources */ = {isa = PBXBuildFile; fileRef = 51F5E0A81559AB8E00308326 /* PanicButtonViewController.xib */; };
		51F5E0AE1559BAF800308326 /* ShowPrimaryDirection.xib in Resources */ = {isa = PBXBuildFile; fileRef = 51F5E0AC1559BAF600308326 /* ShowPrimaryDirection.xib */; };
		D1743D65155B9A2000B57B3D /* Default.png in Resources */ = {isa = PBXBuildFile; fileRef = D1743D64155B9A2000B57B3D /* Default.png */; };
		D1743D67155B9A5800B57B3D /* Icon.png in Resources */ = {isa = PBXBuildFile; fileRef = D1743D66155B9A5800B57B3D /* Icon.png */; };
		EF866DC216EE961C0083046A /* left turn.png in Resources */ = {isa = PBXBuildFile; fileRef = EF866DBD16EE961C0083046A /* left turn.png */; };
		EF866DC316EE961C0083046A /* right turn.png in Resources */ = {isa = PBXBuildFile; fileRef = EF866DBE16EE961C0083046A /* right turn.png */; };
		EF866DC416EE961C0083046A /* slight left.png in Resources */ = {isa = PBXBuildFile; fileRef = EF866DBF16EE961C0083046A /* slight left.png */; };
		EF866DC516EE961C0083046A /* slight right.png in Resources */ = {isa = PBXBuildFile; fileRef = EF866DC016EE961C0083046A /* slight right.png */; };
		EF866DC616EE961C0083046A /* straight.png in Resources */ = {isa = PBXBuildFile; fileRef = EF866DC116EE961C0083046A /* straight.png */; };
		EFCBB8BB16F6642A0073078F /* EditContactViewController.m in Sources */ = {isa = PBXBuildFile; fileRef = 51F5E0931559A52D00308326 /* EditContactViewController.m */; };
		EFCBB8BD16F6642A0073078F /* destination_Picture.m in Sources */ = {isa = PBXBuildFile; fileRef = 5124A5D5155AFA9700E43D1E /* destination_Picture.m */; };
		EFCBB8BF16F6642A0073078F /* PanicButtonDetails.m in Sources */ = {isa = PBXBuildFile; fileRef = 51F5E09A1559A52E00308326 /* PanicButtonDetails.m */; };
		EFCBB8C116F6642A0073078F /* PanicButtonInfo.m in Sources */ = {isa = PBXBuildFile; fileRef = 51F5E09C1559A52E00308326 /* PanicButtonInfo.m */; };
		EFCBB8C316F6642A0073078F /* PanicButtonViewController.m in Sources */ = {isa = PBXBuildFile; fileRef = 51F5E09E1559A52E00308326 /* PanicButtonViewController.m */; };
		EFCBB8C516F6642A0073078F /* Panic_button_primary.m in Sources */ = {isa = PBXBuildFile; fileRef = 51F5E0881559A49000308326 /* Panic_button_primary.m */; };
		EFCBB8C716F6642A0073078F /* PanicButtonCell2.m in Sources */ = {isa = PBXBuildFile; fileRef = 51F5E08B1559A49000308326 /* PanicButtonCell2.m */; };
		EFCBB8C916F6642A0073078F /* Get_Me_ThereAppDelegate.m in Sources */ = {isa = PBXBuildFile; fileRef = 02683CE91534C3F2008E5147 /* Get_Me_ThereAppDelegate.m */; };
		EFCBB8CB16F6642A0073078F /* Where_Am_IViewController.m in Sources */ = {isa = PBXBuildFile; fileRef = 02F00B7A153534F900B89881 /* Where_Am_IViewController.m */; };
		EFCBB8CD16F6642A0073078F /* beginningCell.m in Sources */ = {isa = PBXBuildFile; fileRef = 02CCBE70154C7CB7008EBB24 /* beginningCell.m */; };
		EFCBB8CF16F6642A0073078F /* Guardian_Home_Screen.m in Sources */ = {isa = PBXBuildFile; fileRef = 02F00B8F153537B600B89881 /* Guardian_Home_Screen.m */; };
		EFCBB8D116F6642A0073078F /* UserManual.m in Sources */ = {isa = PBXBuildFile; fileRef = 02F00B801535366D00B89881 /* UserManual.m */; };
		EFCBB8D316F6642A0073078F /* Route.m in Sources */ = {isa = PBXBuildFile; fileRef = 02E23AF515420001004CC9CF /* Route.m */; };
		EFCBB8D516F6642A0073078F /* Event.m in Sources */ = {isa = PBXBuildFile; fileRef = 02E23AF11541FFF5004CC9CF /* Event.m */; };
		EFCBB8D716F6642A0073078F /* edit_modal_screen.m in Sources */ = {isa = PBXBuildFile; fileRef = 02F00B9D1535430A00B89881 /* edit_modal_screen.m */; };
		EFCBB8D916F6642A0073078F /* Route_edit_screenViewController.m in Sources */ = {isa = PBXBuildFile; fileRef = 02F00BA2153547D200B89881 /* Route_edit_screenViewController.m */; };
		EFCBB8DB16F6642A0073078F /* RouteList.m in Sources */ = {isa = PBXBuildFile; fileRef = 025FC4941537558C003B21C8 /* RouteList.m */; };
		EFCBB8DD16F6642A0073078F /* RouteCreatorScreen.m in Sources */ = {isa = PBXBuildFile; fileRef = 025FC48F15374C85003B21C8 /* RouteCreatorScreen.m */; };
		EFCBB8DF16F6642A0073078F /* ShowPrimaryDirection.m in Sources */ = {isa = PBXBuildFile; fileRef = 51F5E0AB1559BAF400308326 /* ShowPrimaryDirection.m */; };
		EFCBB8E116F6642A0073078F /* TableViewCell.m in Sources */ = {isa = PBXBuildFile; fileRef = 025A52BE1545C86F0095F51A /* TableViewCell.m */; };
		EFCBB8E516F6649D0073078F /* AssetsLibrary.framework in Frameworks */ = {isa = PBXBuildFile; fileRef = EFCBB8E416F6649D0073078F /* AssetsLibrary.framework */; };
		EFCBB8E616F664F40073078F /* main.m in Sources */ = {isa = PBXBuildFile; fileRef = 02683CE51534C3F1008E5147 /* main.m */; };
/* End PBXBuildFile section */

/* Begin PBXContainerItemProxy section */
		02683CFD1534C3F2008E5147 /* PBXContainerItemProxy */ = {
			isa = PBXContainerItemProxy;
			containerPortal = 02683CCA1534C3F1008E5147 /* Project object */;
			proxyType = 1;
			remoteGlobalIDString = 02683CD21534C3F1008E5147;
			remoteInfo = "Get Me There";
		};
/* End PBXContainerItemProxy section */

/* Begin PBXFileReference section */
		02457058155B10D300550306 /* question_mark_sticker-p217885673497729412envb3_400.jpg */ = {isa = PBXFileReference; lastKnownFileType = image.jpeg; path = "question_mark_sticker-p217885673497729412envb3_400.jpg"; sourceTree = "<group>"; };
		025A52BD1545C86F0095F51A /* TableViewCell.h */ = {isa = PBXFileReference; fileEncoding = 4; lastKnownFileType = sourcecode.c.h; path = TableViewCell.h; sourceTree = "<group>"; };
		025A52BE1545C86F0095F51A /* TableViewCell.m */ = {isa = PBXFileReference; fileEncoding = 4; lastKnownFileType = sourcecode.c.objc; path = TableViewCell.m; sourceTree = "<group>"; };
		025A52BF1545C86F0095F51A /* TableViewCell.xib */ = {isa = PBXFileReference; fileEncoding = 4; lastKnownFileType = file.xib; path = TableViewCell.xib; sourceTree = "<group>"; };
		025FC48E15374C85003B21C8 /* RouteCreatorScreen.h */ = {isa = PBXFileReference; fileEncoding = 4; lastKnownFileType = sourcecode.c.h; path = RouteCreatorScreen.h; sourceTree = "<group>"; };
		025FC48F15374C85003B21C8 /* RouteCreatorScreen.m */ = {isa = PBXFileReference; fileEncoding = 4; lastKnownFileType = sourcecode.c.objc; lineEnding = 0; path = RouteCreatorScreen.m; sourceTree = "<group>"; xcLanguageSpecificationIdentifier = xcode.lang.objc; };
		025FC49015374C85003B21C8 /* RouteCreatorScreen.xib */ = {isa = PBXFileReference; fileEncoding = 4; lastKnownFileType = file.xib; path = RouteCreatorScreen.xib; sourceTree = "<group>"; };
		025FC4931537558C003B21C8 /* RouteList.h */ = {isa = PBXFileReference; fileEncoding = 4; lastKnownFileType = sourcecode.c.h; path = RouteList.h; sourceTree = "<group>"; };
		025FC4941537558C003B21C8 /* RouteList.m */ = {isa = PBXFileReference; fileEncoding = 4; lastKnownFileType = sourcecode.c.objc; lineEnding = 0; path = RouteList.m; sourceTree = "<group>"; xcLanguageSpecificationIdentifier = xcode.lang.objc; };
		025FC4951537558C003B21C8 /* RouteList.xib */ = {isa = PBXFileReference; fileEncoding = 4; lastKnownFileType = file.xib; path = RouteList.xib; sourceTree = "<group>"; };
		02683CD31534C3F1008E5147 /* Get Me There.app */ = {isa = PBXFileReference; explicitFileType = wrapper.application; includeInIndex = 0; path = "Get Me There.app"; sourceTree = BUILT_PRODUCTS_DIR; };
		02683CD71534C3F1008E5147 /* UIKit.framework */ = {isa = PBXFileReference; lastKnownFileType = wrapper.framework; name = UIKit.framework; path = System/Library/Frameworks/UIKit.framework; sourceTree = SDKROOT; };
		02683CD91534C3F1008E5147 /* Foundation.framework */ = {isa = PBXFileReference; lastKnownFileType = wrapper.framework; name = Foundation.framework; path = System/Library/Frameworks/Foundation.framework; sourceTree = SDKROOT; };
		02683CDB1534C3F1008E5147 /* CoreGraphics.framework */ = {isa = PBXFileReference; lastKnownFileType = wrapper.framework; name = CoreGraphics.framework; path = System/Library/Frameworks/CoreGraphics.framework; sourceTree = SDKROOT; };
		02683CDD1534C3F1008E5147 /* CoreData.framework */ = {isa = PBXFileReference; lastKnownFileType = wrapper.framework; name = CoreData.framework; path = System/Library/Frameworks/CoreData.framework; sourceTree = SDKROOT; };
		02683CE11534C3F1008E5147 /* Get Me There-Info.plist */ = {isa = PBXFileReference; lastKnownFileType = text.plist.xml; path = "Get Me There-Info.plist"; sourceTree = "<group>"; };
		02683CE31534C3F1008E5147 /* en */ = {isa = PBXFileReference; lastKnownFileType = text.plist.strings; name = en; path = en.lproj/InfoPlist.strings; sourceTree = "<group>"; };
		02683CE51534C3F1008E5147 /* main.m */ = {isa = PBXFileReference; lastKnownFileType = sourcecode.c.objc; path = main.m; sourceTree = "<group>"; };
		02683CE71534C3F2008E5147 /* Get Me There-Prefix.pch */ = {isa = PBXFileReference; lastKnownFileType = sourcecode.c.h; path = "Get Me There-Prefix.pch"; sourceTree = "<group>"; };
		02683CE81534C3F2008E5147 /* Get_Me_ThereAppDelegate.h */ = {isa = PBXFileReference; lastKnownFileType = sourcecode.c.h; path = Get_Me_ThereAppDelegate.h; sourceTree = "<group>"; };
		02683CE91534C3F2008E5147 /* Get_Me_ThereAppDelegate.m */ = {isa = PBXFileReference; lastKnownFileType = sourcecode.c.objc; path = Get_Me_ThereAppDelegate.m; sourceTree = "<group>"; };
		02683CEC1534C3F2008E5147 /* en */ = {isa = PBXFileReference; lastKnownFileType = file.xib; name = en; path = en.lproj/MainWindow.xib; sourceTree = "<group>"; };
		02683CEF1534C3F2008E5147 /* Get_Me_There.xcdatamodel */ = {isa = PBXFileReference; lastKnownFileType = wrapper.xcdatamodel; path = Get_Me_There.xcdatamodel; sourceTree = "<group>"; };
		02683CF61534C3F2008E5147 /* Get Me ThereTests.octest */ = {isa = PBXFileReference; explicitFileType = wrapper.cfbundle; includeInIndex = 0; path = "Get Me ThereTests.octest"; sourceTree = BUILT_PRODUCTS_DIR; };
		02683CF71534C3F2008E5147 /* SenTestingKit.framework */ = {isa = PBXFileReference; lastKnownFileType = wrapper.framework; name = SenTestingKit.framework; path = Library/Frameworks/SenTestingKit.framework; sourceTree = DEVELOPER_DIR; };
		02683D011534C3F2008E5147 /* Get Me ThereTests-Info.plist */ = {isa = PBXFileReference; lastKnownFileType = text.plist.xml; path = "Get Me ThereTests-Info.plist"; sourceTree = "<group>"; };
		02683D031534C3F2008E5147 /* en */ = {isa = PBXFileReference; lastKnownFileType = text.plist.strings; name = en; path = en.lproj/InfoPlist.strings; sourceTree = "<group>"; };
		02683D051534C3F2008E5147 /* Get_Me_ThereTests.h */ = {isa = PBXFileReference; lastKnownFileType = sourcecode.c.h; path = Get_Me_ThereTests.h; sourceTree = "<group>"; };
		02683D071534C3F2008E5147 /* Get_Me_ThereTests.m */ = {isa = PBXFileReference; lastKnownFileType = sourcecode.c.objc; path = Get_Me_ThereTests.m; sourceTree = "<group>"; };
		02CCBE6F154C7CB7008EBB24 /* beginningCell.h */ = {isa = PBXFileReference; fileEncoding = 4; lastKnownFileType = sourcecode.c.h; path = beginningCell.h; sourceTree = "<group>"; };
		02CCBE70154C7CB7008EBB24 /* beginningCell.m */ = {isa = PBXFileReference; fileEncoding = 4; lastKnownFileType = sourcecode.c.objc; path = beginningCell.m; sourceTree = "<group>"; };
		02CCBE72154C7D7C008EBB24 /* beginningCell.xib */ = {isa = PBXFileReference; fileEncoding = 4; lastKnownFileType = file.xib; path = beginningCell.xib; sourceTree = "<group>"; };
		02D6BF8015374B88000CACD4 /* back button.png */ = {isa = PBXFileReference; lastKnownFileType = image.png; name = "back button.png"; path = "../back button.png"; sourceTree = "<group>"; };
		02D6BF8115374B88000CACD4 /* button_add.png */ = {isa = PBXFileReference; lastKnownFileType = image.png; name = button_add.png; path = ../button_add.png; sourceTree = "<group>"; };
		02D6BF8515374BAB000CACD4 /* plus sign.png */ = {isa = PBXFileReference; lastKnownFileType = image.png; name = "plus sign.png"; path = "../plus sign.png"; sourceTree = "<group>"; };
		02E23AF01541FFF5004CC9CF /* Event.h */ = {isa = PBXFileReference; fileEncoding = 4; lastKnownFileType = sourcecode.c.h; path = Event.h; sourceTree = "<group>"; };
		02E23AF11541FFF5004CC9CF /* Event.m */ = {isa = PBXFileReference; fileEncoding = 4; lastKnownFileType = sourcecode.c.objc; path = Event.m; sourceTree = "<group>"; };
		02E23AF415420001004CC9CF /* Route.h */ = {isa = PBXFileReference; fileEncoding = 4; lastKnownFileType = sourcecode.c.h; path = Route.h; sourceTree = "<group>"; };
		02E23AF515420001004CC9CF /* Route.m */ = {isa = PBXFileReference; fileEncoding = 4; lastKnownFileType = sourcecode.c.objc; path = Route.m; sourceTree = "<group>"; };
		02F00B79153534F900B89881 /* Where_Am_IViewController.h */ = {isa = PBXFileReference; fileEncoding = 4; lastKnownFileType = sourcecode.c.h; path = Where_Am_IViewController.h; sourceTree = "<group>"; };
		02F00B7A153534F900B89881 /* Where_Am_IViewController.m */ = {isa = PBXFileReference; fileEncoding = 4; lastKnownFileType = sourcecode.c.objc; lineEnding = 0; path = Where_Am_IViewController.m; sourceTree = "<group>"; xcLanguageSpecificationIdentifier = xcode.lang.objc; };
		02F00B7B153534F900B89881 /* Where_Am_IViewController.xib */ = {isa = PBXFileReference; fileEncoding = 4; lastKnownFileType = file.xib; path = Where_Am_IViewController.xib; sourceTree = "<group>"; };
		02F00B7F1535366D00B89881 /* UserManual.h */ = {isa = PBXFileReference; fileEncoding = 4; lastKnownFileType = sourcecode.c.h; path = UserManual.h; sourceTree = "<group>"; };
		02F00B801535366D00B89881 /* UserManual.m */ = {isa = PBXFileReference; fileEncoding = 4; lastKnownFileType = sourcecode.c.objc; path = UserManual.m; sourceTree = "<group>"; };
		02F00B811535366D00B89881 /* UserManual.xib */ = {isa = PBXFileReference; fileEncoding = 4; lastKnownFileType = file.xib; path = UserManual.xib; sourceTree = "<group>"; };
		02F00B8E153537B600B89881 /* Guardian_Home_Screen.h */ = {isa = PBXFileReference; fileEncoding = 4; lastKnownFileType = sourcecode.c.h; path = Guardian_Home_Screen.h; sourceTree = "<group>"; };
		02F00B8F153537B600B89881 /* Guardian_Home_Screen.m */ = {isa = PBXFileReference; fileEncoding = 4; lastKnownFileType = sourcecode.c.objc; lineEnding = 0; path = Guardian_Home_Screen.m; sourceTree = "<group>"; xcLanguageSpecificationIdentifier = xcode.lang.objc; };
		02F00B90153537B600B89881 /* Guardian_Home_Screen.xib */ = {isa = PBXFileReference; fileEncoding = 4; lastKnownFileType = file.xib; path = Guardian_Home_Screen.xib; sourceTree = "<group>"; };
		02F00B9C1535430A00B89881 /* edit_modal_screen.h */ = {isa = PBXFileReference; fileEncoding = 4; lastKnownFileType = sourcecode.c.h; path = edit_modal_screen.h; sourceTree = "<group>"; };
		02F00B9D1535430A00B89881 /* edit_modal_screen.m */ = {isa = PBXFileReference; fileEncoding = 4; lastKnownFileType = sourcecode.c.objc; lineEnding = 0; path = edit_modal_screen.m; sourceTree = "<group>"; xcLanguageSpecificationIdentifier = xcode.lang.objc; };
		02F00B9E1535430A00B89881 /* edit_modal_screen.xib */ = {isa = PBXFileReference; fileEncoding = 4; lastKnownFileType = file.xib; path = edit_modal_screen.xib; sourceTree = "<group>"; };
		02F00BA1153547D200B89881 /* Route_edit_screenViewController.h */ = {isa = PBXFileReference; fileEncoding = 4; lastKnownFileType = sourcecode.c.h; path = Route_edit_screenViewController.h; sourceTree = "<group>"; };
		02F00BA2153547D200B89881 /* Route_edit_screenViewController.m */ = {isa = PBXFileReference; fileEncoding = 4; lastKnownFileType = sourcecode.c.objc; lineEnding = 0; path = Route_edit_screenViewController.m; sourceTree = "<group>"; xcLanguageSpecificationIdentifier = xcode.lang.objc; };
		02F00BA3153547D300B89881 /* Route_edit_screenViewController.xib */ = {isa = PBXFileReference; fileEncoding = 4; lastKnownFileType = file.xib; path = Route_edit_screenViewController.xib; sourceTree = "<group>"; };
		409E1BF116F7BD3600A728E3 /* routeArrow.png */ = {isa = PBXFileReference; lastKnownFileType = image.png; path = routeArrow.png; sourceTree = SOURCE_ROOT; };
		5124A5D4155AFA9700E43D1E /* destination_Picture.h */ = {isa = PBXFileReference; fileEncoding = 4; lastKnownFileType = sourcecode.c.h; path = destination_Picture.h; sourceTree = "<group>"; };
		5124A5D5155AFA9700E43D1E /* destination_Picture.m */ = {isa = PBXFileReference; fileEncoding = 4; lastKnownFileType = sourcecode.c.objc; lineEnding = 0; path = destination_Picture.m; sourceTree = "<group>"; xcLanguageSpecificationIdentifier = xcode.lang.objc; };
		5124A5D6155AFA9700E43D1E /* destination_Picture.xib */ = {isa = PBXFileReference; fileEncoding = 4; lastKnownFileType = file.xib; path = destination_Picture.xib; sourceTree = "<group>"; };
		51890D8A1559BE7500667555 /* red_silhouette_of_a_cellular_phone_0071-1002-1523-4920_SMU.jpg */ = {isa = PBXFileReference; lastKnownFileType = image.jpeg; path = "red_silhouette_of_a_cellular_phone_0071-1002-1523-4920_SMU.jpg"; sourceTree = "<group>"; };
		51F5E0871559A49000308326 /* Panic_button_primary.h */ = {isa = PBXFileReference; fileEncoding = 4; lastKnownFileType = sourcecode.c.h; path = Panic_button_primary.h; sourceTree = "<group>"; };
		51F5E0881559A49000308326 /* Panic_button_primary.m */ = {isa = PBXFileReference; fileEncoding = 4; lastKnownFileType = sourcecode.c.objc; lineEnding = 0; path = Panic_button_primary.m; sourceTree = "<group>"; xcLanguageSpecificationIdentifier = xcode.lang.objc; };
		51F5E0891559A49000308326 /* Panic_button_primary.xib */ = {isa = PBXFileReference; fileEncoding = 4; lastKnownFileType = file.xib; path = Panic_button_primary.xib; sourceTree = "<group>"; };
		51F5E08A1559A49000308326 /* PanicButtonCell2.h */ = {isa = PBXFileReference; fileEncoding = 4; lastKnownFileType = sourcecode.c.h; path = PanicButtonCell2.h; sourceTree = "<group>"; };
		51F5E08B1559A49000308326 /* PanicButtonCell2.m */ = {isa = PBXFileReference; fileEncoding = 4; lastKnownFileType = sourcecode.c.objc; path = PanicButtonCell2.m; sourceTree = "<group>"; };
		51F5E0901559A4C300308326 /* PanicButtonCell2.xib */ = {isa = PBXFileReference; fileEncoding = 4; lastKnownFileType = file.xib; path = PanicButtonCell2.xib; sourceTree = "<group>"; };
		51F5E0921559A52D00308326 /* EditContactViewController.h */ = {isa = PBXFileReference; fileEncoding = 4; lastKnownFileType = sourcecode.c.h; path = EditContactViewController.h; sourceTree = "<group>"; };
		51F5E0931559A52D00308326 /* EditContactViewController.m */ = {isa = PBXFileReference; fileEncoding = 4; lastKnownFileType = sourcecode.c.objc; lineEnding = 0; path = EditContactViewController.m; sourceTree = "<group>"; xcLanguageSpecificationIdentifier = xcode.lang.objc; };
		51F5E0941559A52D00308326 /* EditContactViewController.xib */ = {isa = PBXFileReference; fileEncoding = 4; lastKnownFileType = file.xib; path = EditContactViewController.xib; sourceTree = "<group>"; };
		51F5E0991559A52E00308326 /* PanicButtonDetails.h */ = {isa = PBXFileReference; fileEncoding = 4; lastKnownFileType = sourcecode.c.h; path = PanicButtonDetails.h; sourceTree = "<group>"; };
		51F5E09A1559A52E00308326 /* PanicButtonDetails.m */ = {isa = PBXFileReference; fileEncoding = 4; lastKnownFileType = sourcecode.c.objc; path = PanicButtonDetails.m; sourceTree = "<group>"; };
		51F5E09B1559A52E00308326 /* PanicButtonInfo.h */ = {isa = PBXFileReference; fileEncoding = 4; lastKnownFileType = sourcecode.c.h; path = PanicButtonInfo.h; sourceTree = "<group>"; };
		51F5E09C1559A52E00308326 /* PanicButtonInfo.m */ = {isa = PBXFileReference; fileEncoding = 4; lastKnownFileType = sourcecode.c.objc; path = PanicButtonInfo.m; sourceTree = "<group>"; };
		51F5E09D1559A52E00308326 /* PanicButtonViewController.h */ = {isa = PBXFileReference; fileEncoding = 4; lastKnownFileType = sourcecode.c.h; path = PanicButtonViewController.h; sourceTree = "<group>"; };
		51F5E09E1559A52E00308326 /* PanicButtonViewController.m */ = {isa = PBXFileReference; fileEncoding = 4; lastKnownFileType = sourcecode.c.objc; lineEnding = 0; path = PanicButtonViewController.m; sourceTree = "<group>"; xcLanguageSpecificationIdentifier = xcode.lang.objc; };
		51F5E0A61559A9FF00308326 /* Facebook-Silhouette_normal.gif.png */ = {isa = PBXFileReference; lastKnownFileType = image.png; path = "Facebook-Silhouette_normal.gif.png"; sourceTree = "<group>"; };
		51F5E0A81559AB8E00308326 /* PanicButtonViewController.xib */ = {isa = PBXFileReference; fileEncoding = 4; lastKnownFileType = file.xib; path = PanicButtonViewController.xib; sourceTree = "<group>"; };
		51F5E0AA1559BAF100308326 /* ShowPrimaryDirection.h */ = {isa = PBXFileReference; fileEncoding = 4; lastKnownFileType = sourcecode.c.h; path = ShowPrimaryDirection.h; sourceTree = "<group>"; };
		51F5E0AB1559BAF400308326 /* ShowPrimaryDirection.m */ = {isa = PBXFileReference; fileEncoding = 4; lastKnownFileType = sourcecode.c.objc; lineEnding = 0; path = ShowPrimaryDirection.m; sourceTree = "<group>"; xcLanguageSpecificationIdentifier = xcode.lang.objc; };
		51F5E0AC1559BAF600308326 /* ShowPrimaryDirection.xib */ = {isa = PBXFileReference; fileEncoding = 4; lastKnownFileType = file.xib; path = ShowPrimaryDirection.xib; sourceTree = "<group>"; };
		D1743D64155B9A2000B57B3D /* Default.png */ = {isa = PBXFileReference; lastKnownFileType = image.png; path = Default.png; sourceTree = "<group>"; };
		D1743D66155B9A5800B57B3D /* Icon.png */ = {isa = PBXFileReference; lastKnownFileType = image.png; path = Icon.png; sourceTree = "<group>"; };
		EF866DBD16EE961C0083046A /* left turn.png */ = {isa = PBXFileReference; lastKnownFileType = image.png; path = "left turn.png"; sourceTree = "<group>"; };
		EF866DBE16EE961C0083046A /* right turn.png */ = {isa = PBXFileReference; lastKnownFileType = image.png; path = "right turn.png"; sourceTree = "<group>"; };
		EF866DBF16EE961C0083046A /* slight left.png */ = {isa = PBXFileReference; lastKnownFileType = image.png; path = "slight left.png"; sourceTree = "<group>"; };
		EF866DC016EE961C0083046A /* slight right.png */ = {isa = PBXFileReference; lastKnownFileType = image.png; path = "slight right.png"; sourceTree = "<group>"; };
		EF866DC116EE961C0083046A /* straight.png */ = {isa = PBXFileReference; lastKnownFileType = image.png; path = straight.png; sourceTree = "<group>"; };
		EFCBB8E416F6649D0073078F /* AssetsLibrary.framework */ = {isa = PBXFileReference; lastKnownFileType = wrapper.framework; name = AssetsLibrary.framework; path = System/Library/Frameworks/AssetsLibrary.framework; sourceTree = SDKROOT; };
/* End PBXFileReference section */

/* Begin PBXFrameworksBuildPhase section */
		02683CD01534C3F1008E5147 /* Frameworks */ = {
			isa = PBXFrameworksBuildPhase;
			buildActionMask = 2147483647;
			files = (
				EFCBB8E516F6649D0073078F /* AssetsLibrary.framework in Frameworks */,
				02683CD81534C3F1008E5147 /* UIKit.framework in Frameworks */,
				02683CDA1534C3F1008E5147 /* Foundation.framework in Frameworks */,
				02683CDC1534C3F1008E5147 /* CoreGraphics.framework in Frameworks */,
				02683CDE1534C3F1008E5147 /* CoreData.framework in Frameworks */,
			);
			runOnlyForDeploymentPostprocessing = 0;
		};
		02683CF21534C3F2008E5147 /* Frameworks */ = {
			isa = PBXFrameworksBuildPhase;
			buildActionMask = 2147483647;
			files = (
				02683CF81534C3F2008E5147 /* SenTestingKit.framework in Frameworks */,
				02683CF91534C3F2008E5147 /* UIKit.framework in Frameworks */,
				02683CFA1534C3F2008E5147 /* Foundation.framework in Frameworks */,
				02683CFB1534C3F2008E5147 /* CoreGraphics.framework in Frameworks */,
				02683CFC1534C3F2008E5147 /* CoreData.framework in Frameworks */,
			);
			runOnlyForDeploymentPostprocessing = 0;
		};
/* End PBXFrameworksBuildPhase section */

/* Begin PBXGroup section */
		02683CC81534C3F1008E5147 = {
			isa = PBXGroup;
			children = (
				02683CDF1534C3F1008E5147 /* Get Me There */,
				02683CFF1534C3F2008E5147 /* Get Me ThereTests */,
				02683CD61534C3F1008E5147 /* Frameworks */,
				02683CD41534C3F1008E5147 /* Products */,
			);
			sourceTree = "<group>";
		};
		02683CD41534C3F1008E5147 /* Products */ = {
			isa = PBXGroup;
			children = (
				02683CD31534C3F1008E5147 /* Get Me There.app */,
				02683CF61534C3F2008E5147 /* Get Me ThereTests.octest */,
			);
			name = Products;
			sourceTree = "<group>";
		};
		02683CD61534C3F1008E5147 /* Frameworks */ = {
			isa = PBXGroup;
			children = (
				EFCBB8E416F6649D0073078F /* AssetsLibrary.framework */,
				02683CD71534C3F1008E5147 /* UIKit.framework */,
				02683CD91534C3F1008E5147 /* Foundation.framework */,
				02683CDB1534C3F1008E5147 /* CoreGraphics.framework */,
				02683CDD1534C3F1008E5147 /* CoreData.framework */,
				02683CF71534C3F2008E5147 /* SenTestingKit.framework */,
			);
			name = Frameworks;
			sourceTree = "<group>";
		};
		02683CDF1534C3F1008E5147 /* Get Me There */ = {
			isa = PBXGroup;
			children = (
				02CCBE6F154C7CB7008EBB24 /* beginningCell.h */,
				02CCBE70154C7CB7008EBB24 /* beginningCell.m */,
				02CCBE72154C7D7C008EBB24 /* beginningCell.xib */,
				5124A5D4155AFA9700E43D1E /* destination_Picture.h */,
				5124A5D5155AFA9700E43D1E /* destination_Picture.m */,
				5124A5D6155AFA9700E43D1E /* destination_Picture.xib */,
				02F00B9C1535430A00B89881 /* edit_modal_screen.h */,
				02F00B9D1535430A00B89881 /* edit_modal_screen.m */,
				02F00B9E1535430A00B89881 /* edit_modal_screen.xib */,
				51F5E0921559A52D00308326 /* EditContactViewController.h */,
				51F5E0931559A52D00308326 /* EditContactViewController.m */,
				51F5E0941559A52D00308326 /* EditContactViewController.xib */,
				02E23AF01541FFF5004CC9CF /* Event.h */,
				02E23AF11541FFF5004CC9CF /* Event.m */,
				02683CEE1534C3F2008E5147 /* Get_Me_There.xcdatamodeld */,
				02683CE81534C3F2008E5147 /* Get_Me_ThereAppDelegate.h */,
				02683CE91534C3F2008E5147 /* Get_Me_ThereAppDelegate.m */,
				02F00B8E153537B600B89881 /* Guardian_Home_Screen.h */,
				02F00B8F153537B600B89881 /* Guardian_Home_Screen.m */,
				02F00B90153537B600B89881 /* Guardian_Home_Screen.xib */,
				02683CEB1534C3F2008E5147 /* MainWindow.xib */,
				51F5E0871559A49000308326 /* Panic_button_primary.h */,
				51F5E0881559A49000308326 /* Panic_button_primary.m */,
				51F5E0891559A49000308326 /* Panic_button_primary.xib */,
				51F5E08A1559A49000308326 /* PanicButtonCell2.h */,
				51F5E08B1559A49000308326 /* PanicButtonCell2.m */,
				51F5E0901559A4C300308326 /* PanicButtonCell2.xib */,
				51F5E0991559A52E00308326 /* PanicButtonDetails.h */,
				51F5E09A1559A52E00308326 /* PanicButtonDetails.m */,
				51F5E09B1559A52E00308326 /* PanicButtonInfo.h */,
				51F5E09C1559A52E00308326 /* PanicButtonInfo.m */,
				51F5E09D1559A52E00308326 /* PanicButtonViewController.h */,
				51F5E09E1559A52E00308326 /* PanicButtonViewController.m */,
				51F5E0A81559AB8E00308326 /* PanicButtonViewController.xib */,
				02E23AF415420001004CC9CF /* Route.h */,
				02E23AF515420001004CC9CF /* Route.m */,
				02F00BA1153547D200B89881 /* Route_edit_screenViewController.h */,
				02F00BA2153547D200B89881 /* Route_edit_screenViewController.m */,
				02F00BA3153547D300B89881 /* Route_edit_screenViewController.xib */,
				025FC48E15374C85003B21C8 /* RouteCreatorScreen.h */,
				025FC48F15374C85003B21C8 /* RouteCreatorScreen.m */,
				025FC49015374C85003B21C8 /* RouteCreatorScreen.xib */,
				025FC4931537558C003B21C8 /* RouteList.h */,
				025FC4941537558C003B21C8 /* RouteList.m */,
				025FC4951537558C003B21C8 /* RouteList.xib */,
				51F5E0AA1559BAF100308326 /* ShowPrimaryDirection.h */,
				51F5E0AB1559BAF400308326 /* ShowPrimaryDirection.m */,
				51F5E0AC1559BAF600308326 /* ShowPrimaryDirection.xib */,
				02683CE01534C3F1008E5147 /* Supporting Files */,
				025A52BD1545C86F0095F51A /* TableViewCell.h */,
				025A52BE1545C86F0095F51A /* TableViewCell.m */,
				025A52BF1545C86F0095F51A /* TableViewCell.xib */,
				02F00B7F1535366D00B89881 /* UserManual.h */,
				02F00B801535366D00B89881 /* UserManual.m */,
				02F00B811535366D00B89881 /* UserManual.xib */,
				02F00B79153534F900B89881 /* Where_Am_IViewController.h */,
				02F00B7A153534F900B89881 /* Where_Am_IViewController.m */,
				02F00B7B153534F900B89881 /* Where_Am_IViewController.xib */,
			);
			path = "Get Me There";
			sourceTree = "<group>";
		};
		02683CE01534C3F1008E5147 /* Supporting Files */ = {
			isa = PBXGroup;
			children = (
				409E1BF116F7BD3600A728E3 /* routeArrow.png */,
				02457058155B10D300550306 /* question_mark_sticker-p217885673497729412envb3_400.jpg */,
				EF866DBD16EE961C0083046A /* left turn.png */,
				EF866DBE16EE961C0083046A /* right turn.png */,
				EF866DBF16EE961C0083046A /* slight left.png */,
				EF866DC016EE961C0083046A /* slight right.png */,
				EF866DC116EE961C0083046A /* straight.png */,
				51890D8A1559BE7500667555 /* red_silhouette_of_a_cellular_phone_0071-1002-1523-4920_SMU.jpg */,
				51F5E0A61559A9FF00308326 /* Facebook-Silhouette_normal.gif.png */,
				02D6BF8515374BAB000CACD4 /* plus sign.png */,
				D1743D64155B9A2000B57B3D /* Default.png */,
				D1743D66155B9A5800B57B3D /* Icon.png */,
				02D6BF8015374B88000CACD4 /* back button.png */,
				02D6BF8115374B88000CACD4 /* button_add.png */,
				02683CE11534C3F1008E5147 /* Get Me There-Info.plist */,
				02683CE21534C3F1008E5147 /* InfoPlist.strings */,
				02683CE51534C3F1008E5147 /* main.m */,
				02683CE71534C3F2008E5147 /* Get Me There-Prefix.pch */,
			);
			name = "Supporting Files";
			sourceTree = "<group>";
		};
		02683CFF1534C3F2008E5147 /* Get Me ThereTests */ = {
			isa = PBXGroup;
			children = (
				02683D051534C3F2008E5147 /* Get_Me_ThereTests.h */,
				02683D071534C3F2008E5147 /* Get_Me_ThereTests.m */,
				02683D001534C3F2008E5147 /* Supporting Files */,
			);
			path = "Get Me ThereTests";
			sourceTree = "<group>";
		};
		02683D001534C3F2008E5147 /* Supporting Files */ = {
			isa = PBXGroup;
			children = (
				02683D011534C3F2008E5147 /* Get Me ThereTests-Info.plist */,
				02683D021534C3F2008E5147 /* InfoPlist.strings */,
			);
			name = "Supporting Files";
			sourceTree = "<group>";
		};
/* End PBXGroup section */

/* Begin PBXNativeTarget section */
		02683CD21534C3F1008E5147 /* Get Me There */ = {
			isa = PBXNativeTarget;
			buildConfigurationList = 02683D0B1534C3F2008E5147 /* Build configuration list for PBXNativeTarget "Get Me There" */;
			buildPhases = (
				02683CCF1534C3F1008E5147 /* Sources */,
				02683CD01534C3F1008E5147 /* Frameworks */,
				02683CD11534C3F1008E5147 /* Resources */,
			);
			buildRules = (
			);
			dependencies = (
			);
			name = "Get Me There";
			productName = "Get Me There";
			productReference = 02683CD31534C3F1008E5147 /* Get Me There.app */;
			productType = "com.apple.product-type.application";
		};
		02683CF51534C3F2008E5147 /* Get Me ThereTests */ = {
			isa = PBXNativeTarget;
			buildConfigurationList = 02683D0E1534C3F2008E5147 /* Build configuration list for PBXNativeTarget "Get Me ThereTests" */;
			buildPhases = (
				02683CF11534C3F2008E5147 /* Sources */,
				02683CF21534C3F2008E5147 /* Frameworks */,
				02683CF31534C3F2008E5147 /* Resources */,
				02683CF41534C3F2008E5147 /* ShellScript */,
			);
			buildRules = (
			);
			dependencies = (
				02683CFE1534C3F2008E5147 /* PBXTargetDependency */,
			);
			name = "Get Me ThereTests";
			productName = "Get Me ThereTests";
			productReference = 02683CF61534C3F2008E5147 /* Get Me ThereTests.octest */;
			productType = "com.apple.product-type.bundle";
		};
/* End PBXNativeTarget section */

/* Begin PBXProject section */
		02683CCA1534C3F1008E5147 /* Project object */ = {
			isa = PBXProject;
			attributes = {
				LastUpgradeCheck = 0460;
			};
			buildConfigurationList = 02683CCD1534C3F1008E5147 /* Build configuration list for PBXProject "Get Me There" */;
			compatibilityVersion = "Xcode 3.2";
			developmentRegion = English;
			hasScannedForEncodings = 0;
			knownRegions = (
				en,
			);
			mainGroup = 02683CC81534C3F1008E5147;
			productRefGroup = 02683CD41534C3F1008E5147 /* Products */;
			projectDirPath = "";
			projectRoot = "";
			targets = (
				02683CD21534C3F1008E5147 /* Get Me There */,
				02683CF51534C3F2008E5147 /* Get Me ThereTests */,
			);
		};
/* End PBXProject section */

/* Begin PBXResourcesBuildPhase section */
		02683CD11534C3F1008E5147 /* Resources */ = {
			isa = PBXResourcesBuildPhase;
			buildActionMask = 2147483647;
			files = (
				02683CE41534C3F1008E5147 /* InfoPlist.strings in Resources */,
				02683CED1534C3F2008E5147 /* MainWindow.xib in Resources */,
				02F00B7D153534F900B89881 /* Where_Am_IViewController.xib in Resources */,
				02F00B831535366D00B89881 /* UserManual.xib in Resources */,
				02F00B92153537B600B89881 /* Guardian_Home_Screen.xib in Resources */,
				02F00BA01535430B00B89881 /* edit_modal_screen.xib in Resources */,
				02F00BA5153547D300B89881 /* Route_edit_screenViewController.xib in Resources */,
				02D6BF8215374B88000CACD4 /* back button.png in Resources */,
				02D6BF8315374B88000CACD4 /* button_add.png in Resources */,
				02D6BF8D15374BAB000CACD4 /* plus sign.png in Resources */,
				025FC49215374C85003B21C8 /* RouteCreatorScreen.xib in Resources */,
				025FC4971537558C003B21C8 /* RouteList.xib in Resources */,
				025A52C11545C86F0095F51A /* TableViewCell.xib in Resources */,
				02CCBE73154C7D7C008EBB24 /* beginningCell.xib in Resources */,
				51F5E08D1559A49000308326 /* Panic_button_primary.xib in Resources */,
				51F5E0911559A4C300308326 /* PanicButtonCell2.xib in Resources */,
				51F5E0A01559A52E00308326 /* EditContactViewController.xib in Resources */,
				51F5E0A71559AA0000308326 /* Facebook-Silhouette_normal.gif.png in Resources */,
				51F5E0A91559AB9500308326 /* PanicButtonViewController.xib in Resources */,
				51F5E0AE1559BAF800308326 /* ShowPrimaryDirection.xib in Resources */,
				51890D8B1559BE7500667555 /* red_silhouette_of_a_cellular_phone_0071-1002-1523-4920_SMU.jpg in Resources */,
				5124A5D8155AFA9700E43D1E /* destination_Picture.xib in Resources */,
				02457059155B10D300550306 /* question_mark_sticker-p217885673497729412envb3_400.jpg in Resources */,
				D1743D65155B9A2000B57B3D /* Default.png in Resources */,
				D1743D67155B9A5800B57B3D /* Icon.png in Resources */,
				EF866DC216EE961C0083046A /* left turn.png in Resources */,
				EF866DC316EE961C0083046A /* right turn.png in Resources */,
				EF866DC416EE961C0083046A /* slight left.png in Resources */,
				EF866DC516EE961C0083046A /* slight right.png in Resources */,
				EF866DC616EE961C0083046A /* straight.png in Resources */,
				409E1BF216F7BD3600A728E3 /* routeArrow.png in Resources */,
			);
			runOnlyForDeploymentPostprocessing = 0;
		};
		02683CF31534C3F2008E5147 /* Resources */ = {
			isa = PBXResourcesBuildPhase;
			buildActionMask = 2147483647;
			files = (
				02683D041534C3F2008E5147 /* InfoPlist.strings in Resources */,
				02683D061534C3F2008E5147 /* Get_Me_ThereTests.h in Resources */,
			);
			runOnlyForDeploymentPostprocessing = 0;
		};
/* End PBXResourcesBuildPhase section */

/* Begin PBXShellScriptBuildPhase section */
		02683CF41534C3F2008E5147 /* ShellScript */ = {
			isa = PBXShellScriptBuildPhase;
			buildActionMask = 2147483647;
			files = (
			);
			inputPaths = (
			);
			outputPaths = (
			);
			runOnlyForDeploymentPostprocessing = 0;
			shellPath = /bin/sh;
			shellScript = "# Run the unit tests in this test bundle.\n\"${SYSTEM_DEVELOPER_DIR}/Tools/RunUnitTests\"\n";
		};
/* End PBXShellScriptBuildPhase section */

/* Begin PBXSourcesBuildPhase section */
		02683CCF1534C3F1008E5147 /* Sources */ = {
			isa = PBXSourcesBuildPhase;
			buildActionMask = 2147483647;
			files = (
				EFCBB8E616F664F40073078F /* main.m in Sources */,
				EFCBB8BB16F6642A0073078F /* EditContactViewController.m in Sources */,
				EFCBB8BD16F6642A0073078F /* destination_Picture.m in Sources */,
				EFCBB8BF16F6642A0073078F /* PanicButtonDetails.m in Sources */,
				EFCBB8C116F6642A0073078F /* PanicButtonInfo.m in Sources */,
				EFCBB8C316F6642A0073078F /* PanicButtonViewController.m in Sources */,
				EFCBB8C516F6642A0073078F /* Panic_button_primary.m in Sources */,
				EFCBB8C716F6642A0073078F /* PanicButtonCell2.m in Sources */,
				EFCBB8C916F6642A0073078F /* Get_Me_ThereAppDelegate.m in Sources */,
				EFCBB8CB16F6642A0073078F /* Where_Am_IViewController.m in Sources */,
				EFCBB8CD16F6642A0073078F /* beginningCell.m in Sources */,
				EFCBB8CF16F6642A0073078F /* Guardian_Home_Screen.m in Sources */,
				EFCBB8D116F6642A0073078F /* UserManual.m in Sources */,
				EFCBB8D316F6642A0073078F /* Route.m in Sources */,
				EFCBB8D516F6642A0073078F /* Event.m in Sources */,
				EFCBB8D716F6642A0073078F /* edit_modal_screen.m in Sources */,
				EFCBB8D916F6642A0073078F /* Route_edit_screenViewController.m in Sources */,
				EFCBB8DB16F6642A0073078F /* RouteList.m in Sources */,
				EFCBB8DD16F6642A0073078F /* RouteCreatorScreen.m in Sources */,
				EFCBB8DF16F6642A0073078F /* ShowPrimaryDirection.m in Sources */,
				EFCBB8E116F6642A0073078F /* TableViewCell.m in Sources */,
				409E1BF316F7D85500A728E3 /* Get_Me_There.xcdatamodeld in Sources */,
			);
			runOnlyForDeploymentPostprocessing = 0;
		};
		02683CF11534C3F2008E5147 /* Sources */ = {
			isa = PBXSourcesBuildPhase;
			buildActionMask = 2147483647;
			files = (
				02683D081534C3F2008E5147 /* Get_Me_ThereTests.m in Sources */,
			);
			runOnlyForDeploymentPostprocessing = 0;
		};
/* End PBXSourcesBuildPhase section */

/* Begin PBXTargetDependency section */
		02683CFE1534C3F2008E5147 /* PBXTargetDependency */ = {
			isa = PBXTargetDependency;
			target = 02683CD21534C3F1008E5147 /* Get Me There */;
			targetProxy = 02683CFD1534C3F2008E5147 /* PBXContainerItemProxy */;
		};
/* End PBXTargetDependency section */

/* Begin PBXVariantGroup section */
		02683CE21534C3F1008E5147 /* InfoPlist.strings */ = {
			isa = PBXVariantGroup;
			children = (
				02683CE31534C3F1008E5147 /* en */,
			);
			name = InfoPlist.strings;
			sourceTree = "<group>";
		};
		02683CEB1534C3F2008E5147 /* MainWindow.xib */ = {
			isa = PBXVariantGroup;
			children = (
				02683CEC1534C3F2008E5147 /* en */,
			);
			name = MainWindow.xib;
			sourceTree = "<group>";
		};
		02683D021534C3F2008E5147 /* InfoPlist.strings */ = {
			isa = PBXVariantGroup;
			children = (
				02683D031534C3F2008E5147 /* en */,
			);
			name = InfoPlist.strings;
			sourceTree = "<group>";
		};
/* End PBXVariantGroup section */

/* Begin XCBuildConfiguration section */
		02683D091534C3F2008E5147 /* Debug */ = {
			isa = XCBuildConfiguration;
			buildSettings = {
				ALWAYS_SEARCH_USER_PATHS = NO;
				ARCHS = "$(ARCHS_STANDARD_32_BIT)";
				CODE_SIGN_IDENTITY = "iPhone Developer";
				"CODE_SIGN_IDENTITY[sdk=iphoneos*]" = "iPhone Developer";
				COPY_PHASE_STRIP = NO;
				GCC_C_LANGUAGE_STANDARD = gnu99;
				GCC_DYNAMIC_NO_PIC = NO;
				GCC_OPTIMIZATION_LEVEL = 0;
				GCC_PREPROCESSOR_DEFINITIONS = (
					"DEBUG=1",
					"$(inherited)",
				);
				GCC_SYMBOLS_PRIVATE_EXTERN = NO;
				GCC_VERSION = com.apple.compilers.llvm.clang.1_0;
				GCC_WARN_ABOUT_MISSING_PROTOTYPES = YES;
				GCC_WARN_ABOUT_RETURN_TYPE = YES;
				GCC_WARN_UNUSED_VARIABLE = YES;
				IPHONEOS_DEPLOYMENT_TARGET = 4.3;
				PROVISIONING_PROFILE = "";
				"PROVISIONING_PROFILE[sdk=iphoneos*]" = "";
				SDKROOT = iphoneos;
			};
			name = Debug;
		};
		02683D0A1534C3F2008E5147 /* Release */ = {
			isa = XCBuildConfiguration;
			buildSettings = {
				ALWAYS_SEARCH_USER_PATHS = NO;
				ARCHS = "$(ARCHS_STANDARD_32_BIT)";
				CODE_SIGN_IDENTITY = "iPhone Developer";
				"CODE_SIGN_IDENTITY[sdk=iphoneos*]" = "iPhone Developer";
				COPY_PHASE_STRIP = YES;
				GCC_C_LANGUAGE_STANDARD = gnu99;
				GCC_VERSION = com.apple.compilers.llvm.clang.1_0;
				GCC_WARN_ABOUT_MISSING_PROTOTYPES = YES;
				GCC_WARN_ABOUT_RETURN_TYPE = YES;
				GCC_WARN_UNUSED_VARIABLE = YES;
				IPHONEOS_DEPLOYMENT_TARGET = 4.3;
				OTHER_CFLAGS = "-DNS_BLOCK_ASSERTIONS=1";
				PROVISIONING_PROFILE = "";
				"PROVISIONING_PROFILE[sdk=iphoneos*]" = "";
				SDKROOT = iphoneos;
				VALIDATE_PRODUCT = YES;
			};
			name = Release;
		};
		02683D0C1534C3F2008E5147 /* Debug */ = {
			isa = XCBuildConfiguration;
			buildSettings = {
				CLANG_ENABLE_OBJC_ARC = YES;
				CODE_SIGN_IDENTITY = "iPhone Developer";
				"CODE_SIGN_IDENTITY[sdk=iphoneos*]" = "iPhone Developer";
				GCC_PRECOMPILE_PREFIX_HEADER = YES;
				GCC_PREFIX_HEADER = "Get Me There/Get Me There-Prefix.pch";
				GCC_VERSION = com.apple.compilers.llvm.clang.1_0;
				INFOPLIST_FILE = "Get Me There/Get Me There-Info.plist";
				IPHONEOS_DEPLOYMENT_TARGET = 3.1.3;
				PRODUCT_NAME = "$(TARGET_NAME)";
				PROVISIONING_PROFILE = "";
				"PROVISIONING_PROFILE[sdk=iphoneos*]" = "";
				RUN_CLANG_STATIC_ANALYZER = YES;
				VALID_ARCHS = "armv7s armv7";
				WRAPPER_EXTENSION = app;
			};
			name = Debug;
		};
		02683D0D1534C3F2008E5147 /* Release */ = {
			isa = XCBuildConfiguration;
			buildSettings = {
				CLANG_ENABLE_OBJC_ARC = YES;
				CODE_SIGN_IDENTITY = "iPhone Developer";
				"CODE_SIGN_IDENTITY[sdk=iphoneos*]" = "iPhone Developer";
				GCC_PRECOMPILE_PREFIX_HEADER = YES;
				GCC_PREFIX_HEADER = "Get Me There/Get Me There-Prefix.pch";
				GCC_VERSION = com.apple.compilers.llvm.clang.1_0;
				INFOPLIST_FILE = "Get Me There/Get Me There-Info.plist";
				IPHONEOS_DEPLOYMENT_TARGET = 3.1.3;
				PRODUCT_NAME = "$(TARGET_NAME)";
				PROVISIONING_PROFILE = "";
				"PROVISIONING_PROFILE[sdk=iphoneos*]" = "";
				RUN_CLANG_STATIC_ANALYZER = YES;
				VALID_ARCHS = "armv7s armv7";
				WRAPPER_EXTENSION = app;
			};
			name = Release;
		};
		02683D0F1534C3F2008E5147 /* Debug */ = {
			isa = XCBuildConfiguration;
			buildSettings = {
				BUNDLE_LOADER = "$(BUILT_PRODUCTS_DIR)/Get Me There.app/Get Me There";
				CLANG_ENABLE_OBJC_ARC = YES;
				FRAMEWORK_SEARCH_PATHS = (
					"$(SDKROOT)/Developer/Library/Frameworks",
					"$(DEVELOPER_LIBRARY_DIR)/Frameworks",
				);
				GCC_PRECOMPILE_PREFIX_HEADER = YES;
				GCC_PREFIX_HEADER = "Get Me There/Get Me There-Prefix.pch";
				GCC_VERSION = com.apple.compilers.llvm.clang.1_0;
				INFOPLIST_FILE = "Get Me ThereTests/Get Me ThereTests-Info.plist";
				PRODUCT_NAME = "$(TARGET_NAME)";
				TEST_HOST = "$(BUNDLE_LOADER)";
				VALID_ARCHS = "armv7 armv7s";
				WRAPPER_EXTENSION = octest;
			};
			name = Debug;
		};
		02683D101534C3F2008E5147 /* Release */ = {
			isa = XCBuildConfiguration;
			buildSettings = {
				BUNDLE_LOADER = "$(BUILT_PRODUCTS_DIR)/Get Me There.app/Get Me There";
				CLANG_ENABLE_OBJC_ARC = YES;
				FRAMEWORK_SEARCH_PATHS = (
					"$(SDKROOT)/Developer/Library/Frameworks",
					"$(DEVELOPER_LIBRARY_DIR)/Frameworks",
				);
				GCC_PRECOMPILE_PREFIX_HEADER = YES;
				GCC_PREFIX_HEADER = "Get Me There/Get Me There-Prefix.pch";
				GCC_VERSION = com.apple.compilers.llvm.clang.1_0;
				INFOPLIST_FILE = "Get Me ThereTests/Get Me ThereTests-Info.plist";
				PRODUCT_NAME = "$(TARGET_NAME)";
				TEST_HOST = "$(BUNDLE_LOADER)";
				VALID_ARCHS = "armv7 armv7s";
				WRAPPER_EXTENSION = octest;
			};
			name = Release;
		};
/* End XCBuildConfiguration section */

/* Begin XCConfigurationList section */
		02683CCD1534C3F1008E5147 /* Build configuration list for PBXProject "Get Me There" */ = {
			isa = XCConfigurationList;
			buildConfigurations = (
				02683D091534C3F2008E5147 /* Debug */,
				02683D0A1534C3F2008E5147 /* Release */,
			);
			defaultConfigurationIsVisible = 0;
			defaultConfigurationName = Release;
		};
		02683D0B1534C3F2008E5147 /* Build configuration list for PBXNativeTarget "Get Me There" */ = {
			isa = XCConfigurationList;
			buildConfigurations = (
				02683D0C1534C3F2008E5147 /* Debug */,
				02683D0D1534C3F2008E5147 /* Release */,
			);
			defaultConfigurationIsVisible = 0;
			defaultConfigurationName = Release;
		};
		02683D0E1534C3F2008E5147 /* Build configuration list for PBXNativeTarget "Get Me ThereTests" */ = {
			isa = XCConfigurationList;
			buildConfigurations = (
				02683D0F1534C3F2008E5147 /* Debug */,
				02683D101534C3F2008E5147 /* Release */,
			);
			defaultConfigurationIsVisible = 0;
			defaultConfigurationName = Release;
		};
/* End XCConfigurationList section */

/* Begin XCVersionGroup section */
		02683CEE1534C3F2008E5147 /* Get_Me_There.xcdatamodeld */ = {
			isa = XCVersionGroup;
			children = (
				02683CEF1534C3F2008E5147 /* Get_Me_There.xcdatamodel */,
			);
			currentVersion = 02683CEF1534C3F2008E5147 /* Get_Me_There.xcdatamodel */;
			path = Get_Me_There.xcdatamodeld;
			sourceTree = "<group>";
			versionGroupType = wrapper.xcdatamodel;
		};
/* End XCVersionGroup section */
	};
	rootObject = 02683CCA1534C3F1008E5147 /* Project object */;
}
